
Microsoft Visual Studio Solution File, Format Version 12.00
# Visual Studio Version 16
Project("{8BC9CEB8-8B4A-11D0-8D11-00A0C91BC942}") = "ALL_BUILD", "ALL_BUILD.vcxproj", "{1E60BC7C-4062-307B-80FD-03BCE25F6B9B}"
	ProjectSection(ProjectDependencies) = postProject
		{AC508C69-9828-3652-8D69-EB93F3E6560D} = {AC508C69-9828-3652-8D69-EB93F3E6560D}
		{CBE9E273-A12A-303E-8255-06A6BF6EEEF3} = {CBE9E273-A12A-303E-8255-06A6BF6EEEF3}
	EndProjectSection
EndProject
Project("{8BC9CEB8-8B4A-11D0-8D11-00A0C91BC942}") = "INSTALL", "INSTALL.vcxproj", "{BA7030BE-757A-398B-802F-86059029C2DB}"
	ProjectSection(ProjectDependencies) = postProject
		{1E60BC7C-4062-307B-80FD-03BCE25F6B9B} = {1E60BC7C-4062-307B-80FD-03BCE25F6B9B}
		{AC508C69-9828-3652-8D69-EB93F3E6560D} = {AC508C69-9828-3652-8D69-EB93F3E6560D}
	EndProjectSection
EndProject
Project("{8BC9CEB8-8B4A-11D0-8D11-00A0C91BC942}") = "PACKAGE", "PACKAGE.vcxproj", "{A8604A62-205E-3E86-8626-B3CEDC11A74E}"
	ProjectSection(ProjectDependencies) = postProject
		{1E60BC7C-4062-307B-80FD-03BCE25F6B9B} = {1E60BC7C-4062-307B-80FD-03BCE25F6B9B}
		{AC508C69-9828-3652-8D69-EB93F3E6560D} = {AC508C69-9828-3652-8D69-EB93F3E6560D}
	EndProjectSection
EndProject
Project("{8BC9CEB8-8B4A-11D0-8D11-00A0C91BC942}") = "ZERO_CHECK", "ZERO_CHECK.vcxproj", "{AC508C69-9828-3652-8D69-EB93F3E6560D}"
	ProjectSection(ProjectDependencies) = postProject
	EndProjectSection
EndProject
Project("{8BC9CEB8-8B4A-11D0-8D11-00A0C91BC942}") = "freetype", "freetype.vcxproj", "{CBE9E273-A12A-303E-8255-06A6BF6EEEF3}"
	ProjectSection(ProjectDependencies) = postProject
		{AC508C69-9828-3652-8D69-EB93F3E6560D} = {AC508C69-9828-3652-8D69-EB93F3E6560D}
	EndProjectSection
EndProject
Global
	GlobalSection(SolutionConfigurationPlatforms) = preSolution
		Debug|x64 = Debug|x64
		Release|x64 = Release|x64
		MinSizeRel|x64 = MinSizeRel|x64
		RelWithDebInfo|x64 = RelWithDebInfo|x64
	EndGlobalSection
	GlobalSection(ProjectConfigurationPlatforms) = postSolution
		{1E60BC7C-4062-307B-80FD-03BCE25F6B9B}.Debug|x64.ActiveCfg = Debug|x64
		{1E60BC7C-4062-307B-80FD-03BCE25F6B9B}.Debug|x64.Build.0 = Debug|x64
		{1E60BC7C-4062-307B-80FD-03BCE25F6B9B}.Release|x64.ActiveCfg = Release|x64
		{1E60BC7C-4062-307B-80FD-03BCE25F6B9B}.Release|x64.Build.0 = Release|x64
		{1E60BC7C-4062-307B-80FD-03BCE25F6B9B}.MinSizeRel|x64.ActiveCfg = MinSizeRel|x64
		{1E60BC7C-4062-307B-80FD-03BCE25F6B9B}.MinSizeRel|x64.Build.0 = MinSizeRel|x64
		{1E60BC7C-4062-307B-80FD-03BCE25F6B9B}.RelWithDebInfo|x64.ActiveCfg = RelWithDebInfo|x64
		{1E60BC7C-4062-307B-80FD-03BCE25F6B9B}.RelWithDebInfo|x64.Build.0 = RelWithDebInfo|x64
		{BA7030BE-757A-398B-802F-86059029C2DB}.Debug|x64.ActiveCfg = Debug|x64
		{BA7030BE-757A-398B-802F-86059029C2DB}.Release|x64.ActiveCfg = Release|x64
		{BA7030BE-757A-398B-802F-86059029C2DB}.MinSizeRel|x64.ActiveCfg = MinSizeRel|x64
		{BA7030BE-757A-398B-802F-86059029C2DB}.RelWithDebInfo|x64.ActiveCfg = RelWithDebInfo|x64
		{A8604A62-205E-3E86-8626-B3CEDC11A74E}.Debug|x64.ActiveCfg = Debug|x64
		{A8604A62-205E-3E86-8626-B3CEDC11A74E}.Release|x64.ActiveCfg = Release|x64
		{A8604A62-205E-3E86-8626-B3CEDC11A74E}.MinSizeRel|x64.ActiveCfg = MinSizeRel|x64
		{A8604A62-205E-3E86-8626-B3CEDC11A74E}.RelWithDebInfo|x64.ActiveCfg = RelWithDebInfo|x64
		{AC508C69-9828-3652-8D69-EB93F3E6560D}.Debug|x64.ActiveCfg = Debug|x64
		{AC508C69-9828-3652-8D69-EB93F3E6560D}.Debug|x64.Build.0 = Debug|x64
		{AC508C69-9828-3652-8D69-EB93F3E6560D}.Release|x64.ActiveCfg = Release|x64
		{AC508C69-9828-3652-8D69-EB93F3E6560D}.Release|x64.Build.0 = Release|x64
		{AC508C69-9828-3652-8D69-EB93F3E6560D}.MinSizeRel|x64.ActiveCfg = MinSizeRel|x64
		{AC508C69-9828-3652-8D69-EB93F3E6560D}.MinSizeRel|x64.Build.0 = MinSizeRel|x64
		{AC508C69-9828-3652-8D69-EB93F3E6560D}.RelWithDebInfo|x64.ActiveCfg = RelWithDebInfo|x64
		{AC508C69-9828-3652-8D69-EB93F3E6560D}.RelWithDebInfo|x64.Build.0 = RelWithDebInfo|x64
		{CBE9E273-A12A-303E-8255-06A6BF6EEEF3}.Debug|x64.ActiveCfg = Debug|x64
		{CBE9E273-A12A-303E-8255-06A6BF6EEEF3}.Debug|x64.Build.0 = Debug|x64
		{CBE9E273-A12A-303E-8255-06A6BF6EEEF3}.Release|x64.ActiveCfg = Release|x64
		{CBE9E273-A12A-303E-8255-06A6BF6EEEF3}.Release|x64.Build.0 = Release|x64
		{CBE9E273-A12A-303E-8255-06A6BF6EEEF3}.MinSizeRel|x64.ActiveCfg = MinSizeRel|x64
		{CBE9E273-A12A-303E-8255-06A6BF6EEEF3}.MinSizeRel|x64.Build.0 = MinSizeRel|x64
		{CBE9E273-A12A-303E-8255-06A6BF6EEEF3}.RelWithDebInfo|x64.ActiveCfg = RelWithDebInfo|x64
		{CBE9E273-A12A-303E-8255-06A6BF6EEEF3}.RelWithDebInfo|x64.Build.0 = RelWithDebInfo|x64
	EndGlobalSection
	GlobalSection(ExtensibilityGlobals) = postSolution
		SolutionGuid = {84C60C5C-C4CE-31AE-ACA4-82FA5CA1B189}
	EndGlobalSection
	GlobalSection(ExtensibilityAddIns) = postSolution
	EndGlobalSection
EndGlobal
