<?xml version="1.0" encoding="utf-8"?>
<Project ToolsVersion="16.0" xmlns="http://schemas.microsoft.com/developer/msbuild/2003">
  <ItemGroup>
    <CustomBuild Include="C:\Users\Ethan\Documents\cpplibs\cmake\freetype\CMakeFiles\57176fb69b30ff440ba4002eec91141e\generate.stamp.rule">
      <Filter>CMake Rules</Filter>
    </CustomBuild>
  </ItemGroup>
  <ItemGroup>
    <Filter Include="CMake Rules">
      <UniqueIdentifier>{F4D58CD9-108D-3B0A-B107-3B42C842687D}</UniqueIdentifier>
    </Filter>
  </ItemGroup>
</Project>
